
Microsoft Visual Studio Solution File, Format Version 12.00
# Visual Studio Version 17
VisualStudioVersion = 17.14.36603.0 d17.14
MinimumVisualStudioVersion = 10.0.40219.1
Project("{FAE04EC0-301F-11D3-BF4B-00C04F79EFBC}") = "tse", "tse\tse.csproj", "{8B44D8FB-618A-4E3E-88E1-F35068BDCDED}"
EndProject
Global
	GlobalSection(SolutionConfigurationPlatforms) = preSolution
		Debug|Any CPU = Debug|Any CPU
		Release|Any CPU = Release|Any CPU
	EndGlobalSection
	GlobalSection(ProjectConfigurationPlatforms) = postSolution
		{8B44D8FB-618A-4E3E-88E1-F35068BDCDED}.Debug|Any CPU.ActiveCfg = Debug|Any CPU
		{8B44D8FB-618A-4E3E-88E1-F35068BDCDED}.Debug|Any CPU.Build.0 = Debug|Any CPU
		{8B44D8FB-618A-4E3E-88E1-F35068BDCDED}.Release|Any CPU.ActiveCfg = Release|Any CPU
		{8B44D8FB-618A-4E3E-88E1-F35068BDCDED}.Release|Any CPU.Build.0 = Release|Any CPU
	EndGlobalSection
	GlobalSection(SolutionProperties) = preSolution
		HideSolutionNode = FALSE
	EndGlobalSection
	GlobalSection(ExtensibilityGlobals) = postSolution
		SolutionGuid = {EABA0401-E9EE-400D-9CD4-79E001F0DE0A}
	EndGlobalSection
EndGlobal
